
Microsoft Visual Studio Solution File, Format Version 12.00
# Visual Studio 15
VisualStudioVersion = 15.0.28010.2003
MinimumVisualStudioVersion = 10.0.40219.1
Project("{FAE04EC0-301F-11D3-BF4B-00C04F79EFBC}") = "GraniteHouseUdemy", "GraniteHouseUdemy\GraniteHouseUdemy.csproj", "{AAAADE66-109C-44D3-930F-271C79D937D3}"
EndProject
Global
	GlobalSection(SolutionConfigurationPlatforms) = preSolution
		Debug|Any CPU = Debug|Any CPU
		Release|Any CPU = Release|Any CPU
	EndGlobalSection
	GlobalSection(ProjectConfigurationPlatforms) = postSolution
		{AAAADE66-109C-44D3-930F-271C79D937D3}.Debug|Any CPU.ActiveCfg = Debug|Any CPU
		{AAAADE66-109C-44D3-930F-271C79D937D3}.Debug|Any CPU.Build.0 = Debug|Any CPU
		{AAAADE66-109C-44D3-930F-271C79D937D3}.Release|Any CPU.ActiveCfg = Release|Any CPU
		{AAAADE66-109C-44D3-930F-271C79D937D3}.Release|Any CPU.Build.0 = Release|Any CPU
	EndGlobalSection
	GlobalSection(SolutionProperties) = preSolution
		HideSolutionNode = FALSE
	EndGlobalSection
	GlobalSection(ExtensibilityGlobals) = postSolution
		SolutionGuid = {102A7BB0-F0C9-46BA-A296-FF25D9672AF4}
	EndGlobalSection
EndGlobal
