
Microsoft Visual Studio Solution File, Format Version 12.00
# Visual Studio Version 16
VisualStudioVersion = 16.0.29230.61
MinimumVisualStudioVersion = 10.0.40219.1
Project("{FAE04EC0-301F-11D3-BF4B-00C04F79EFBC}") = "Uplift", "Uplift\Uplift.csproj", "{58C811C1-6FE0-4D5D-BC81-458C6FD4FCDF}"
EndProject
Project("{FAE04EC0-301F-11D3-BF4B-00C04F79EFBC}") = "Uplift.DataAccess", "Uplift.DataAccess\Uplift.DataAccess.csproj", "{5002F7DF-5A0D-4146-9EAC-9B62C05182D8}"
EndProject
Project("{FAE04EC0-301F-11D3-BF4B-00C04F79EFBC}") = "Uplift.Models", "Uplift.Models\Uplift.Models.csproj", "{9FF2364D-60E8-41BB-B216-A8C7305D4E9E}"
EndProject
Project("{FAE04EC0-301F-11D3-BF4B-00C04F79EFBC}") = "Uplift.Utility", "Uplift.Utility\Uplift.Utility.csproj", "{C6DFD90E-5D29-4AA0-9FF5-C3E8FB90B788}"
EndProject
Global
	GlobalSection(SolutionConfigurationPlatforms) = preSolution
		Debug|Any CPU = Debug|Any CPU
		Release|Any CPU = Release|Any CPU
	EndGlobalSection
	GlobalSection(ProjectConfigurationPlatforms) = postSolution
		{58C811C1-6FE0-4D5D-BC81-458C6FD4FCDF}.Debug|Any CPU.ActiveCfg = Debug|Any CPU
		{58C811C1-6FE0-4D5D-BC81-458C6FD4FCDF}.Debug|Any CPU.Build.0 = Debug|Any CPU
		{58C811C1-6FE0-4D5D-BC81-458C6FD4FCDF}.Release|Any CPU.ActiveCfg = Release|Any CPU
		{58C811C1-6FE0-4D5D-BC81-458C6FD4FCDF}.Release|Any CPU.Build.0 = Release|Any CPU
		{5002F7DF-5A0D-4146-9EAC-9B62C05182D8}.Debug|Any CPU.ActiveCfg = Debug|Any CPU
		{5002F7DF-5A0D-4146-9EAC-9B62C05182D8}.Debug|Any CPU.Build.0 = Debug|Any CPU
		{5002F7DF-5A0D-4146-9EAC-9B62C05182D8}.Release|Any CPU.ActiveCfg = Release|Any CPU
		{5002F7DF-5A0D-4146-9EAC-9B62C05182D8}.Release|Any CPU.Build.0 = Release|Any CPU
		{9FF2364D-60E8-41BB-B216-A8C7305D4E9E}.Debug|Any CPU.ActiveCfg = Debug|Any CPU
		{9FF2364D-60E8-41BB-B216-A8C7305D4E9E}.Debug|Any CPU.Build.0 = Debug|Any CPU
		{9FF2364D-60E8-41BB-B216-A8C7305D4E9E}.Release|Any CPU.ActiveCfg = Release|Any CPU
		{9FF2364D-60E8-41BB-B216-A8C7305D4E9E}.Release|Any CPU.Build.0 = Release|Any CPU
		{C6DFD90E-5D29-4AA0-9FF5-C3E8FB90B788}.Debug|Any CPU.ActiveCfg = Debug|Any CPU
		{C6DFD90E-5D29-4AA0-9FF5-C3E8FB90B788}.Debug|Any CPU.Build.0 = Debug|Any CPU
		{C6DFD90E-5D29-4AA0-9FF5-C3E8FB90B788}.Release|Any CPU.ActiveCfg = Release|Any CPU
		{C6DFD90E-5D29-4AA0-9FF5-C3E8FB90B788}.Release|Any CPU.Build.0 = Release|Any CPU
	EndGlobalSection
	GlobalSection(SolutionProperties) = preSolution
		HideSolutionNode = FALSE
	EndGlobalSection
	GlobalSection(ExtensibilityGlobals) = postSolution
		SolutionGuid = {9D2F08FA-A823-435A-95D1-F7D7BF83242C}
	EndGlobalSection
EndGlobal
