
Microsoft Visual Studio Solution File, Format Version 12.00
# Visual Studio Version 16
VisualStudioVersion = 16.0.31702.278
MinimumVisualStudioVersion = 10.0.40219.1
Project("{FAE04EC0-301F-11D3-BF4B-00C04F79EFBC}") = "BlazorMovies.Server", "BlazorMovies\Server\BlazorMovies.Server.csproj", "{4A01D7C4-8EA6-4699-ADB6-E1B5E8538982}"
EndProject
Project("{FAE04EC0-301F-11D3-BF4B-00C04F79EFBC}") = "BlazorMovies.Client", "BlazorMovies\Client\BlazorMovies.Client.csproj", "{6B185DC6-F5E5-4E85-9797-BCC8386B7424}"
EndProject
Project("{FAE04EC0-301F-11D3-BF4B-00C04F79EFBC}") = "BlazorMovies.Shared", "BlazorMovies\Shared\BlazorMovies.Shared.csproj", "{95C85AE3-56B5-4F9D-B013-0F66321E62D5}"
EndProject
Global
	GlobalSection(SolutionConfigurationPlatforms) = preSolution
		Debug|Any CPU = Debug|Any CPU
		Release|Any CPU = Release|Any CPU
	EndGlobalSection
	GlobalSection(ProjectConfigurationPlatforms) = postSolution
		{4A01D7C4-8EA6-4699-ADB6-E1B5E8538982}.Debug|Any CPU.ActiveCfg = Debug|Any CPU
		{4A01D7C4-8EA6-4699-ADB6-E1B5E8538982}.Debug|Any CPU.Build.0 = Debug|Any CPU
		{4A01D7C4-8EA6-4699-ADB6-E1B5E8538982}.Release|Any CPU.ActiveCfg = Release|Any CPU
		{4A01D7C4-8EA6-4699-ADB6-E1B5E8538982}.Release|Any CPU.Build.0 = Release|Any CPU
		{6B185DC6-F5E5-4E85-9797-BCC8386B7424}.Debug|Any CPU.ActiveCfg = Debug|Any CPU
		{6B185DC6-F5E5-4E85-9797-BCC8386B7424}.Debug|Any CPU.Build.0 = Debug|Any CPU
		{6B185DC6-F5E5-4E85-9797-BCC8386B7424}.Release|Any CPU.ActiveCfg = Release|Any CPU
		{6B185DC6-F5E5-4E85-9797-BCC8386B7424}.Release|Any CPU.Build.0 = Release|Any CPU
		{95C85AE3-56B5-4F9D-B013-0F66321E62D5}.Debug|Any CPU.ActiveCfg = Debug|Any CPU
		{95C85AE3-56B5-4F9D-B013-0F66321E62D5}.Debug|Any CPU.Build.0 = Debug|Any CPU
		{95C85AE3-56B5-4F9D-B013-0F66321E62D5}.Release|Any CPU.ActiveCfg = Release|Any CPU
		{95C85AE3-56B5-4F9D-B013-0F66321E62D5}.Release|Any CPU.Build.0 = Release|Any CPU
	EndGlobalSection
	GlobalSection(SolutionProperties) = preSolution
		HideSolutionNode = FALSE
	EndGlobalSection
	GlobalSection(ExtensibilityGlobals) = postSolution
		SolutionGuid = {00D8B076-5463-415C-94C6-E136BCE109E5}
	EndGlobalSection
EndGlobal
