
Microsoft Visual Studio Solution File, Format Version 12.00
# Visual Studio Version 16
VisualStudioVersion = 16.0.31702.278
MinimumVisualStudioVersion = 10.0.40219.1
Project("{FAE04EC0-301F-11D3-BF4B-00C04F79EFBC}") = "BlazorApp8.Server", "BlazorApp8\Server\BlazorApp8.Server.csproj", "{C0ED4325-3940-47C3-A5EB-38DCEC3A94A9}"
EndProject
Project("{FAE04EC0-301F-11D3-BF4B-00C04F79EFBC}") = "BlazorApp8.Client", "BlazorApp8\Client\BlazorApp8.Client.csproj", "{C2673F91-5682-4563-AC82-3E794CD0C6AD}"
EndProject
Project("{FAE04EC0-301F-11D3-BF4B-00C04F79EFBC}") = "BlazorApp8.Shared", "BlazorApp8\Shared\BlazorApp8.Shared.csproj", "{1013E20E-91A7-4639-9611-31E62768F556}"
EndProject
Global
	GlobalSection(SolutionConfigurationPlatforms) = preSolution
		Debug|Any CPU = Debug|Any CPU
		Release|Any CPU = Release|Any CPU
	EndGlobalSection
	GlobalSection(ProjectConfigurationPlatforms) = postSolution
		{C0ED4325-3940-47C3-A5EB-38DCEC3A94A9}.Debug|Any CPU.ActiveCfg = Debug|Any CPU
		{C0ED4325-3940-47C3-A5EB-38DCEC3A94A9}.Debug|Any CPU.Build.0 = Debug|Any CPU
		{C0ED4325-3940-47C3-A5EB-38DCEC3A94A9}.Release|Any CPU.ActiveCfg = Release|Any CPU
		{C0ED4325-3940-47C3-A5EB-38DCEC3A94A9}.Release|Any CPU.Build.0 = Release|Any CPU
		{C2673F91-5682-4563-AC82-3E794CD0C6AD}.Debug|Any CPU.ActiveCfg = Debug|Any CPU
		{C2673F91-5682-4563-AC82-3E794CD0C6AD}.Debug|Any CPU.Build.0 = Debug|Any CPU
		{C2673F91-5682-4563-AC82-3E794CD0C6AD}.Release|Any CPU.ActiveCfg = Release|Any CPU
		{C2673F91-5682-4563-AC82-3E794CD0C6AD}.Release|Any CPU.Build.0 = Release|Any CPU
		{1013E20E-91A7-4639-9611-31E62768F556}.Debug|Any CPU.ActiveCfg = Debug|Any CPU
		{1013E20E-91A7-4639-9611-31E62768F556}.Debug|Any CPU.Build.0 = Debug|Any CPU
		{1013E20E-91A7-4639-9611-31E62768F556}.Release|Any CPU.ActiveCfg = Release|Any CPU
		{1013E20E-91A7-4639-9611-31E62768F556}.Release|Any CPU.Build.0 = Release|Any CPU
	EndGlobalSection
	GlobalSection(SolutionProperties) = preSolution
		HideSolutionNode = FALSE
	EndGlobalSection
	GlobalSection(ExtensibilityGlobals) = postSolution
		SolutionGuid = {6305F8E1-F1CD-4429-8755-DC88AB174464}
	EndGlobalSection
EndGlobal
